// !$*UTF8*$!
{
	archiveVersion = 1;
	classes = {
	};
	objectVersion = 55;
	objects = {

/* Begin PBXBuildFile section */
		AA9FB3E127FC4BD70081F1F3 /* BakEatApp.swift in Sources */ = {isa = PBXBuildFile; fileRef = AA9FB3D127FC4BD50081F1F3 /* BakEatApp.swift */; };
		AA9FB3E227FC4BD70081F1F3 /* BakEatApp.swift in Sources */ = {isa = PBXBuildFile; fileRef = AA9FB3D127FC4BD50081F1F3 /* BakEatApp.swift */; };
		AA9FB3E527FC4BD70081F1F3 /* Assets.xcassets in Resources */ = {isa = PBXBuildFile; fileRef = AA9FB3D327FC4BD70081F1F3 /* Assets.xcassets */; };
		AA9FB3E627FC4BD70081F1F3 /* Assets.xcassets in Resources */ = {isa = PBXBuildFile; fileRef = AA9FB3D327FC4BD70081F1F3 /* Assets.xcassets */; };
		AA9FB3F427FC4CBD0081F1F3 /* Assets.xcassets in Resources */ = {isa = PBXBuildFile; fileRef = AA9FB3F327FC4CBD0081F1F3 /* Assets.xcassets */; };
		AA9FB3FA27FC4CBD0081F1F3 /* BakEat(watchOS) WatchKit Extension.appex in Embed App Extensions */ = {isa = PBXBuildFile; fileRef = AA9FB3F927FC4CBD0081F1F3 /* BakEat(watchOS) WatchKit Extension.appex */; settings = {ATTRIBUTES = (RemoveHeadersOnCopy, ); }; };
		AA9FB3FF27FC4CBD0081F1F3 /* BakEatApp.swift in Sources */ = {isa = PBXBuildFile; fileRef = AA9FB3FE27FC4CBD0081F1F3 /* BakEatApp.swift */; };
		AA9FB40327FC4CBD0081F1F3 /* NotificationController.swift in Sources */ = {isa = PBXBuildFile; fileRef = AA9FB40227FC4CBD0081F1F3 /* NotificationController.swift */; };
		AA9FB40527FC4CBD0081F1F3 /* NotificationView.swift in Sources */ = {isa = PBXBuildFile; fileRef = AA9FB40427FC4CBD0081F1F3 /* NotificationView.swift */; };
		AA9FB40727FC4CBD0081F1F3 /* ComplicationController.swift in Sources */ = {isa = PBXBuildFile; fileRef = AA9FB40627FC4CBD0081F1F3 /* ComplicationController.swift */; };
		AA9FB40927FC4CBE0081F1F3 /* Assets.xcassets in Resources */ = {isa = PBXBuildFile; fileRef = AA9FB40827FC4CBE0081F1F3 /* Assets.xcassets */; };
		AA9FB40C27FC4CBE0081F1F3 /* Preview Assets.xcassets in Resources */ = {isa = PBXBuildFile; fileRef = AA9FB40B27FC4CBE0081F1F3 /* Preview Assets.xcassets */; };
		AA9FB41127FC4CBE0081F1F3 /* BakEat(watchOS).app in Embed Watch Content */ = {isa = PBXBuildFile; fileRef = AA9FB3F127FC4CBB0081F1F3 /* BakEat(watchOS).app */; settings = {ATTRIBUTES = (RemoveHeadersOnCopy, ); }; };
		AA9FB42127FC4CD00081F1F3 /* BakEat_tvOS_App.swift in Sources */ = {isa = PBXBuildFile; fileRef = AA9FB42027FC4CD00081F1F3 /* BakEat_tvOS_App.swift */; };
		AA9FB42327FC4CD00081F1F3 /* ContentView.swift in Sources */ = {isa = PBXBuildFile; fileRef = AA9FB42227FC4CD00081F1F3 /* ContentView.swift */; };
		AA9FB42527FC4CD10081F1F3 /* Assets.xcassets in Resources */ = {isa = PBXBuildFile; fileRef = AA9FB42427FC4CD10081F1F3 /* Assets.xcassets */; };
		AA9FB42827FC4CD10081F1F3 /* Preview Assets.xcassets in Resources */ = {isa = PBXBuildFile; fileRef = AA9FB42727FC4CD10081F1F3 /* Preview Assets.xcassets */; };
		AA9FB42C27FC4D210081F1F3 /* Assets.xcassets in Resources */ = {isa = PBXBuildFile; fileRef = AA9FB3D327FC4BD70081F1F3 /* Assets.xcassets */; };
		AA9FB42D27FC4D210081F1F3 /* Assets.xcassets in Resources */ = {isa = PBXBuildFile; fileRef = AA9FB3D327FC4BD70081F1F3 /* Assets.xcassets */; };
		AA9FB42E27FC4D220081F1F3 /* Assets.xcassets in Resources */ = {isa = PBXBuildFile; fileRef = AA9FB3D327FC4BD70081F1F3 /* Assets.xcassets */; };
		AA9FB43327FC4E8E0081F1F3 /* TabBarView.swift in Sources */ = {isa = PBXBuildFile; fileRef = AA9FB42F27FC4E8E0081F1F3 /* TabBarView.swift */; };
		AA9FB43427FC4E8E0081F1F3 /* RecipeDetailView.swift in Sources */ = {isa = PBXBuildFile; fileRef = AA9FB43027FC4E8E0081F1F3 /* RecipeDetailView.swift */; };
		AA9FB43527FC4E8E0081F1F3 /* AllRecipesView.swift in Sources */ = {isa = PBXBuildFile; fileRef = AA9FB43127FC4E8E0081F1F3 /* AllRecipesView.swift */; };
		AA9FB43627FC4E8E0081F1F3 /* StartingView.swift in Sources */ = {isa = PBXBuildFile; fileRef = AA9FB43227FC4E8E0081F1F3 /* StartingView.swift */; };
		AA9FB43727FC4EAC0081F1F3 /* StartingView.swift in Sources */ = {isa = PBXBuildFile; fileRef = AA9FB43227FC4E8E0081F1F3 /* StartingView.swift */; };
		AA9FB43827FC4EAC0081F1F3 /* StartingView.swift in Sources */ = {isa = PBXBuildFile; fileRef = AA9FB43227FC4E8E0081F1F3 /* StartingView.swift */; };
		AA9FB43927FC4EB30081F1F3 /* AllRecipesView.swift in Sources */ = {isa = PBXBuildFile; fileRef = AA9FB43127FC4E8E0081F1F3 /* AllRecipesView.swift */; };
		AA9FB43A27FC4EB30081F1F3 /* AllRecipesView.swift in Sources */ = {isa = PBXBuildFile; fileRef = AA9FB43127FC4E8E0081F1F3 /* AllRecipesView.swift */; };
		AA9FB43B27FC4EBF0081F1F3 /* RecipeDetailView.swift in Sources */ = {isa = PBXBuildFile; fileRef = AA9FB43027FC4E8E0081F1F3 /* RecipeDetailView.swift */; };
		AA9FB43C27FC4EC00081F1F3 /* RecipeDetailView.swift in Sources */ = {isa = PBXBuildFile; fileRef = AA9FB43027FC4E8E0081F1F3 /* RecipeDetailView.swift */; };
		AA9FB43E27FC4EC30081F1F3 /* TabBarView.swift in Sources */ = {isa = PBXBuildFile; fileRef = AA9FB42F27FC4E8E0081F1F3 /* TabBarView.swift */; };
		AA9FB43F27FC4EC30081F1F3 /* TabBarView.swift in Sources */ = {isa = PBXBuildFile; fileRef = AA9FB42F27FC4E8E0081F1F3 /* TabBarView.swift */; };
		AA9FB44527FC4EFA0081F1F3 /* CakesView.swift in Sources */ = {isa = PBXBuildFile; fileRef = AA9FB44227FC4EFA0081F1F3 /* CakesView.swift */; };
		AA9FB44627FC4EFA0081F1F3 /* CakesView.swift in Sources */ = {isa = PBXBuildFile; fileRef = AA9FB44227FC4EFA0081F1F3 /* CakesView.swift */; };
		AA9FB44727FC4EFA0081F1F3 /* PopularDessertsView.swift in Sources */ = {isa = PBXBuildFile; fileRef = AA9FB44327FC4EFA0081F1F3 /* PopularDessertsView.swift */; };
		AA9FB44827FC4EFA0081F1F3 /* PopularDessertsView.swift in Sources */ = {isa = PBXBuildFile; fileRef = AA9FB44327FC4EFA0081F1F3 /* PopularDessertsView.swift */; };
		AA9FB44927FC4EFA0081F1F3 /* CookiesView.swift in Sources */ = {isa = PBXBuildFile; fileRef = AA9FB44427FC4EFA0081F1F3 /* CookiesView.swift */; };
		AA9FB44A27FC4EFA0081F1F3 /* CookiesView.swift in Sources */ = {isa = PBXBuildFile; fileRef = AA9FB44427FC4EFA0081F1F3 /* CookiesView.swift */; };
		AA9FB44E27FC4F0E0081F1F3 /* FavoriteButtonView.swift in Sources */ = {isa = PBXBuildFile; fileRef = AA9FB44B27FC4F0E0081F1F3 /* FavoriteButtonView.swift */; };
		AA9FB44F27FC4F0E0081F1F3 /* FavoriteButtonView.swift in Sources */ = {isa = PBXBuildFile; fileRef = AA9FB44B27FC4F0E0081F1F3 /* FavoriteButtonView.swift */; };
		AA9FB45027FC4F0E0081F1F3 /* LargeGridItem.swift in Sources */ = {isa = PBXBuildFile; fileRef = AA9FB44C27FC4F0E0081F1F3 /* LargeGridItem.swift */; };
		AA9FB45127FC4F0E0081F1F3 /* LargeGridItem.swift in Sources */ = {isa = PBXBuildFile; fileRef = AA9FB44C27FC4F0E0081F1F3 /* LargeGridItem.swift */; };
		AA9FB45227FC4F0E0081F1F3 /* SmallGridItem.swift in Sources */ = {isa = PBXBuildFile; fileRef = AA9FB44D27FC4F0E0081F1F3 /* SmallGridItem.swift */; };
		AA9FB45327FC4F0E0081F1F3 /* SmallGridItem.swift in Sources */ = {isa = PBXBuildFile; fileRef = AA9FB44D27FC4F0E0081F1F3 /* SmallGridItem.swift */; };
		AA9FB45427FC4F110081F1F3 /* FavoriteButtonView.swift in Sources */ = {isa = PBXBuildFile; fileRef = AA9FB44B27FC4F0E0081F1F3 /* FavoriteButtonView.swift */; };
		AA9FB46127FC4F520081F1F3 /* Recipe.swift in Sources */ = {isa = PBXBuildFile; fileRef = AA9FB46027FC4F520081F1F3 /* Recipe.swift */; };
		AA9FB46227FC4F520081F1F3 /* Recipe.swift in Sources */ = {isa = PBXBuildFile; fileRef = AA9FB46027FC4F520081F1F3 /* Recipe.swift */; };
		AA9FB46327FC4F520081F1F3 /* Recipe.swift in Sources */ = {isa = PBXBuildFile; fileRef = AA9FB46027FC4F520081F1F3 /* Recipe.swift */; };
		AA9FB46427FC4F520081F1F3 /* Recipe.swift in Sources */ = {isa = PBXBuildFile; fileRef = AA9FB46027FC4F520081F1F3 /* Recipe.swift */; };
		AA9FB46727FC4FB10081F1F3 /* SideBarView.swift in Sources */ = {isa = PBXBuildFile; fileRef = AA9FB46627FC4FB10081F1F3 /* SideBarView.swift */; };
		AA9FB46827FC4FB10081F1F3 /* SideBarView.swift in Sources */ = {isa = PBXBuildFile; fileRef = AA9FB46627FC4FB10081F1F3 /* SideBarView.swift */; };
		AA9FB46E27FC4FFF0081F1F3 /* ContentView.swift in Sources */ = {isa = PBXBuildFile; fileRef = AA9FB46B27FC4FFF0081F1F3 /* ContentView.swift */; };
		AA9FB47327FC50250081F1F3 /* TimerView.swift in Sources */ = {isa = PBXBuildFile; fileRef = AA9FB47127FC50250081F1F3 /* TimerView.swift */; };
		AA9FB47427FC50250081F1F3 /* StepView.swift in Sources */ = {isa = PBXBuildFile; fileRef = AA9FB47227FC50250081F1F3 /* StepView.swift */; };
		AA9FB47F27FC507C0081F1F3 /* IngredientsView.swift in Sources */ = {isa = PBXBuildFile; fileRef = AA9FB47C27FC507C0081F1F3 /* IngredientsView.swift */; };
		AA9FB48027FC507C0081F1F3 /* StepsTabView.swift in Sources */ = {isa = PBXBuildFile; fileRef = AA9FB47D27FC507C0081F1F3 /* StepsTabView.swift */; };
		AA9FB48127FC507C0081F1F3 /* StartRecipeView.swift in Sources */ = {isa = PBXBuildFile; fileRef = AA9FB47E27FC507C0081F1F3 /* StartRecipeView.swift */; };
		AA9FB48327FC50860081F1F3 /* WatchConnectivityManager.swift in Sources */ = {isa = PBXBuildFile; fileRef = AA9FB48227FC50860081F1F3 /* WatchConnectivityManager.swift */; };
		AA9FB48527FC6A0D0081F1F3 /* VideoThumbnailView.swift in Sources */ = {isa = PBXBuildFile; fileRef = AA9FB48427FC6A0D0081F1F3 /* VideoThumbnailView.swift */; };
		AA9FB48A27FC6A310081F1F3 /* CookiesView.swift in Sources */ = {isa = PBXBuildFile; fileRef = AA9FB48727FC6A310081F1F3 /* CookiesView.swift */; };
		AA9FB48B27FC6A310081F1F3 /* PopularDessertsView.swift in Sources */ = {isa = PBXBuildFile; fileRef = AA9FB48827FC6A310081F1F3 /* PopularDessertsView.swift */; };
		AA9FB48C27FC6A310081F1F3 /* CakesView.swift in Sources */ = {isa = PBXBuildFile; fileRef = AA9FB48927FC6A310081F1F3 /* CakesView.swift */; };
		AA9FB49027FC6C000081F1F3 /* PopularRecipesDataStore.swift in Sources */ = {isa = PBXBuildFile; fileRef = AA9FB48D27FC6C000081F1F3 /* PopularRecipesDataStore.swift */; };
		AA9FB49127FC6C000081F1F3 /* PopularRecipesDataStore.swift in Sources */ = {isa = PBXBuildFile; fileRef = AA9FB48D27FC6C000081F1F3 /* PopularRecipesDataStore.swift */; };
		AA9FB49227FC6C000081F1F3 /* PopularRecipesDataStore.swift in Sources */ = {isa = PBXBuildFile; fileRef = AA9FB48D27FC6C000081F1F3 /* PopularRecipesDataStore.swift */; };
		AA9FB49327FC6C000081F1F3 /* PopularRecipesDataStore.swift in Sources */ = {isa = PBXBuildFile; fileRef = AA9FB48D27FC6C000081F1F3 /* PopularRecipesDataStore.swift */; };
		AA9FB49427FC6C000081F1F3 /* CakesDataStore.swift in Sources */ = {isa = PBXBuildFile; fileRef = AA9FB48E27FC6C000081F1F3 /* CakesDataStore.swift */; };
		AA9FB49527FC6C000081F1F3 /* CakesDataStore.swift in Sources */ = {isa = PBXBuildFile; fileRef = AA9FB48E27FC6C000081F1F3 /* CakesDataStore.swift */; };
		AA9FB49627FC6C000081F1F3 /* CakesDataStore.swift in Sources */ = {isa = PBXBuildFile; fileRef = AA9FB48E27FC6C000081F1F3 /* CakesDataStore.swift */; };
		AA9FB49727FC6C000081F1F3 /* CakesDataStore.swift in Sources */ = {isa = PBXBuildFile; fileRef = AA9FB48E27FC6C000081F1F3 /* CakesDataStore.swift */; };
		AA9FB49827FC6C000081F1F3 /* CookiesDataStore.swift in Sources */ = {isa = PBXBuildFile; fileRef = AA9FB48F27FC6C000081F1F3 /* CookiesDataStore.swift */; };
		AA9FB49927FC6C000081F1F3 /* CookiesDataStore.swift in Sources */ = {isa = PBXBuildFile; fileRef = AA9FB48F27FC6C000081F1F3 /* CookiesDataStore.swift */; };
		AA9FB49A27FC6C000081F1F3 /* CookiesDataStore.swift in Sources */ = {isa = PBXBuildFile; fileRef = AA9FB48F27FC6C000081F1F3 /* CookiesDataStore.swift */; };
		AA9FB49B27FC6C000081F1F3 /* CookiesDataStore.swift in Sources */ = {isa = PBXBuildFile; fileRef = AA9FB48F27FC6C000081F1F3 /* CookiesDataStore.swift */; };
/* End PBXBuildFile section */

/* Begin PBXContainerItemProxy section */
		AA9FB3FB27FC4CBD0081F1F3 /* PBXContainerItemProxy */ = {
			isa = PBXContainerItemProxy;
			containerPortal = AA9FB3CC27FC4BD50081F1F3 /* Project object */;
			proxyType = 1;
			remoteGlobalIDString = AA9FB3F827FC4CBD0081F1F3;
			remoteInfo = "BakEat(watchOS) WatchKit Extension";
		};
		AA9FB40F27FC4CBE0081F1F3 /* PBXContainerItemProxy */ = {
			isa = PBXContainerItemProxy;
			containerPortal = AA9FB3CC27FC4BD50081F1F3 /* Project object */;
			proxyType = 1;
			remoteGlobalIDString = AA9FB3F027FC4CBB0081F1F3;
			remoteInfo = "BakEat(watchOS)";
		};
/* End PBXContainerItemProxy section */

/* Begin PBXCopyFilesBuildPhase section */
		AA9FB41227FC4CBE0081F1F3 /* Embed Watch Content */ = {
			isa = PBXCopyFilesBuildPhase;
			buildActionMask = 2147483647;
			dstPath = "$(CONTENTS_FOLDER_PATH)/Watch";
			dstSubfolderSpec = 16;
			files = (
				AA9FB41127FC4CBE0081F1F3 /* BakEat(watchOS).app in Embed Watch Content */,
			);
			name = "Embed Watch Content";
			runOnlyForDeploymentPostprocessing = 0;
		};
		AA9FB41527FC4CBE0081F1F3 /* Embed App Extensions */ = {
			isa = PBXCopyFilesBuildPhase;
			buildActionMask = 2147483647;
			dstPath = "";
			dstSubfolderSpec = 13;
			files = (
				AA9FB3FA27FC4CBD0081F1F3 /* BakEat(watchOS) WatchKit Extension.appex in Embed App Extensions */,
			);
			name = "Embed App Extensions";
			runOnlyForDeploymentPostprocessing = 0;
		};
/* End PBXCopyFilesBuildPhase section */

/* Begin PBXFileReference section */
		AA9FB3D127FC4BD50081F1F3 /* BakEatApp.swift */ = {isa = PBXFileReference; lastKnownFileType = sourcecode.swift; path = BakEatApp.swift; sourceTree = "<group>"; };
		AA9FB3D327FC4BD70081F1F3 /* Assets.xcassets */ = {isa = PBXFileReference; lastKnownFileType = folder.assetcatalog; path = Assets.xcassets; sourceTree = "<group>"; };
		AA9FB3D827FC4BD70081F1F3 /* BakEat.app */ = {isa = PBXFileReference; explicitFileType = wrapper.application; includeInIndex = 0; path = BakEat.app; sourceTree = BUILT_PRODUCTS_DIR; };
		AA9FB3DE27FC4BD70081F1F3 /* BakEat.app */ = {isa = PBXFileReference; explicitFileType = wrapper.application; includeInIndex = 0; path = BakEat.app; sourceTree = BUILT_PRODUCTS_DIR; };
		AA9FB3E027FC4BD70081F1F3 /* macOS.entitlements */ = {isa = PBXFileReference; lastKnownFileType = text.plist.entitlements; path = macOS.entitlements; sourceTree = "<group>"; };
		AA9FB3F127FC4CBB0081F1F3 /* BakEat(watchOS).app */ = {isa = PBXFileReference; explicitFileType = wrapper.application; includeInIndex = 0; path = "BakEat(watchOS).app"; sourceTree = BUILT_PRODUCTS_DIR; };
		AA9FB3F327FC4CBD0081F1F3 /* Assets.xcassets */ = {isa = PBXFileReference; lastKnownFileType = folder.assetcatalog; path = Assets.xcassets; sourceTree = "<group>"; };
		AA9FB3F927FC4CBD0081F1F3 /* BakEat(watchOS) WatchKit Extension.appex */ = {isa = PBXFileReference; explicitFileType = "wrapper.app-extension"; includeInIndex = 0; path = "BakEat(watchOS) WatchKit Extension.appex"; sourceTree = BUILT_PRODUCTS_DIR; };
		AA9FB3FE27FC4CBD0081F1F3 /* BakEatApp.swift */ = {isa = PBXFileReference; lastKnownFileType = sourcecode.swift; path = BakEatApp.swift; sourceTree = "<group>"; };
		AA9FB40227FC4CBD0081F1F3 /* NotificationController.swift */ = {isa = PBXFileReference; lastKnownFileType = sourcecode.swift; path = NotificationController.swift; sourceTree = "<group>"; };
		AA9FB40427FC4CBD0081F1F3 /* NotificationView.swift */ = {isa = PBXFileReference; lastKnownFileType = sourcecode.swift; path = NotificationView.swift; sourceTree = "<group>"; };
		AA9FB40627FC4CBD0081F1F3 /* ComplicationController.swift */ = {isa = PBXFileReference; lastKnownFileType = sourcecode.swift; path = ComplicationController.swift; sourceTree = "<group>"; };
		AA9FB40827FC4CBE0081F1F3 /* Assets.xcassets */ = {isa = PBXFileReference; lastKnownFileType = folder.assetcatalog; path = Assets.xcassets; sourceTree = "<group>"; };
		AA9FB40B27FC4CBE0081F1F3 /* Preview Assets.xcassets */ = {isa = PBXFileReference; lastKnownFileType = folder.assetcatalog; path = "Preview Assets.xcassets"; sourceTree = "<group>"; };
		AA9FB40D27FC4CBE0081F1F3 /* Info.plist */ = {isa = PBXFileReference; lastKnownFileType = text.plist.xml; path = Info.plist; sourceTree = "<group>"; };
		AA9FB40E27FC4CBE0081F1F3 /* PushNotificationPayload.apns */ = {isa = PBXFileReference; lastKnownFileType = text; path = PushNotificationPayload.apns; sourceTree = "<group>"; };
		AA9FB41E27FC4CD00081F1F3 /* BakEat(tvOS).app */ = {isa = PBXFileReference; explicitFileType = wrapper.application; includeInIndex = 0; path = "BakEat(tvOS).app"; sourceTree = BUILT_PRODUCTS_DIR; };
		AA9FB42027FC4CD00081F1F3 /* BakEat_tvOS_App.swift */ = {isa = PBXFileReference; lastKnownFileType = sourcecode.swift; path = BakEat_tvOS_App.swift; sourceTree = "<group>"; };
		AA9FB42227FC4CD00081F1F3 /* ContentView.swift */ = {isa = PBXFileReference; lastKnownFileType = sourcecode.swift; path = ContentView.swift; sourceTree = "<group>"; };
		AA9FB42427FC4CD10081F1F3 /* Assets.xcassets */ = {isa = PBXFileReference; lastKnownFileType = folder.assetcatalog; path = Assets.xcassets; sourceTree = "<group>"; };
		AA9FB42727FC4CD10081F1F3 /* Preview Assets.xcassets */ = {isa = PBXFileReference; lastKnownFileType = folder.assetcatalog; path = "Preview Assets.xcassets"; sourceTree = "<group>"; };
		AA9FB42F27FC4E8E0081F1F3 /* TabBarView.swift */ = {isa = PBXFileReference; fileEncoding = 4; lastKnownFileType = sourcecode.swift; path = TabBarView.swift; sourceTree = "<group>"; };
		AA9FB43027FC4E8E0081F1F3 /* RecipeDetailView.swift */ = {isa = PBXFileReference; fileEncoding = 4; lastKnownFileType = sourcecode.swift; path = RecipeDetailView.swift; sourceTree = "<group>"; };
		AA9FB43127FC4E8E0081F1F3 /* AllRecipesView.swift */ = {isa = PBXFileReference; fileEncoding = 4; lastKnownFileType = sourcecode.swift; path = AllRecipesView.swift; sourceTree = "<group>"; };
		AA9FB43227FC4E8E0081F1F3 /* StartingView.swift */ = {isa = PBXFileReference; fileEncoding = 4; lastKnownFileType = sourcecode.swift; path = StartingView.swift; sourceTree = "<group>"; };
		AA9FB44227FC4EFA0081F1F3 /* CakesView.swift */ = {isa = PBXFileReference; fileEncoding = 4; lastKnownFileType = sourcecode.swift; path = CakesView.swift; sourceTree = "<group>"; };
		AA9FB44327FC4EFA0081F1F3 /* PopularDessertsView.swift */ = {isa = PBXFileReference; fileEncoding = 4; lastKnownFileType = sourcecode.swift; path = PopularDessertsView.swift; sourceTree = "<group>"; };
		AA9FB44427FC4EFA0081F1F3 /* CookiesView.swift */ = {isa = PBXFileReference; fileEncoding = 4; lastKnownFileType = sourcecode.swift; path = CookiesView.swift; sourceTree = "<group>"; };
		AA9FB44B27FC4F0E0081F1F3 /* FavoriteButtonView.swift */ = {isa = PBXFileReference; fileEncoding = 4; lastKnownFileType = sourcecode.swift; path = FavoriteButtonView.swift; sourceTree = "<group>"; };
		AA9FB44C27FC4F0E0081F1F3 /* LargeGridItem.swift */ = {isa = PBXFileReference; fileEncoding = 4; lastKnownFileType = sourcecode.swift; path = LargeGridItem.swift; sourceTree = "<group>"; };
		AA9FB44D27FC4F0E0081F1F3 /* SmallGridItem.swift */ = {isa = PBXFileReference; fileEncoding = 4; lastKnownFileType = sourcecode.swift; path = SmallGridItem.swift; sourceTree = "<group>"; };
		AA9FB46027FC4F520081F1F3 /* Recipe.swift */ = {isa = PBXFileReference; fileEncoding = 4; lastKnownFileType = sourcecode.swift; path = Recipe.swift; sourceTree = "<group>"; };
		AA9FB46627FC4FB10081F1F3 /* SideBarView.swift */ = {isa = PBXFileReference; fileEncoding = 4; lastKnownFileType = sourcecode.swift; path = SideBarView.swift; sourceTree = "<group>"; };
		AA9FB46B27FC4FFF0081F1F3 /* ContentView.swift */ = {isa = PBXFileReference; fileEncoding = 4; lastKnownFileType = sourcecode.swift; path = ContentView.swift; sourceTree = "<group>"; };
		AA9FB47127FC50250081F1F3 /* TimerView.swift */ = {isa = PBXFileReference; fileEncoding = 4; lastKnownFileType = sourcecode.swift; path = TimerView.swift; sourceTree = "<group>"; };
		AA9FB47227FC50250081F1F3 /* StepView.swift */ = {isa = PBXFileReference; fileEncoding = 4; lastKnownFileType = sourcecode.swift; path = StepView.swift; sourceTree = "<group>"; };
		AA9FB47C27FC507C0081F1F3 /* IngredientsView.swift */ = {isa = PBXFileReference; fileEncoding = 4; lastKnownFileType = sourcecode.swift; path = IngredientsView.swift; sourceTree = "<group>"; };
		AA9FB47D27FC507C0081F1F3 /* StepsTabView.swift */ = {isa = PBXFileReference; fileEncoding = 4; lastKnownFileType = sourcecode.swift; path = StepsTabView.swift; sourceTree = "<group>"; };
		AA9FB47E27FC507C0081F1F3 /* StartRecipeView.swift */ = {isa = PBXFileReference; fileEncoding = 4; lastKnownFileType = sourcecode.swift; path = StartRecipeView.swift; sourceTree = "<group>"; };
		AA9FB48227FC50860081F1F3 /* WatchConnectivityManager.swift */ = {isa = PBXFileReference; fileEncoding = 4; lastKnownFileType = sourcecode.swift; path = WatchConnectivityManager.swift; sourceTree = "<group>"; };
		AA9FB48427FC6A0D0081F1F3 /* VideoThumbnailView.swift */ = {isa = PBXFileReference; fileEncoding = 4; lastKnownFileType = sourcecode.swift; path = VideoThumbnailView.swift; sourceTree = "<group>"; };
		AA9FB48727FC6A310081F1F3 /* CookiesView.swift */ = {isa = PBXFileReference; fileEncoding = 4; lastKnownFileType = sourcecode.swift; path = CookiesView.swift; sourceTree = "<group>"; };
		AA9FB48827FC6A310081F1F3 /* PopularDessertsView.swift */ = {isa = PBXFileReference; fileEncoding = 4; lastKnownFileType = sourcecode.swift; path = PopularDessertsView.swift; sourceTree = "<group>"; };
		AA9FB48927FC6A310081F1F3 /* CakesView.swift */ = {isa = PBXFileReference; fileEncoding = 4; lastKnownFileType = sourcecode.swift; path = CakesView.swift; sourceTree = "<group>"; };
		AA9FB48D27FC6C000081F1F3 /* PopularRecipesDataStore.swift */ = {isa = PBXFileReference; fileEncoding = 4; lastKnownFileType = sourcecode.swift; path = PopularRecipesDataStore.swift; sourceTree = "<group>"; };
		AA9FB48E27FC6C000081F1F3 /* CakesDataStore.swift */ = {isa = PBXFileReference; fileEncoding = 4; lastKnownFileType = sourcecode.swift; path = CakesDataStore.swift; sourceTree = "<group>"; };
		AA9FB48F27FC6C000081F1F3 /* CookiesDataStore.swift */ = {isa = PBXFileReference; fileEncoding = 4; lastKnownFileType = sourcecode.swift; path = CookiesDataStore.swift; sourceTree = "<group>"; };
/* End PBXFileReference section */

/* Begin PBXFrameworksBuildPhase section */
		AA9FB3D527FC4BD70081F1F3 /* Frameworks */ = {
			isa = PBXFrameworksBuildPhase;
			buildActionMask = 2147483647;
			files = (
			);
			runOnlyForDeploymentPostprocessing = 0;
		};
		AA9FB3DB27FC4BD70081F1F3 /* Frameworks */ = {
			isa = PBXFrameworksBuildPhase;
			buildActionMask = 2147483647;
			files = (
			);
			runOnlyForDeploymentPostprocessing = 0;
		};
		AA9FB3F627FC4CBD0081F1F3 /* Frameworks */ = {
			isa = PBXFrameworksBuildPhase;
			buildActionMask = 2147483647;
			files = (
			);
			runOnlyForDeploymentPostprocessing = 0;
		};
		AA9FB41B27FC4CD00081F1F3 /* Frameworks */ = {
			isa = PBXFrameworksBuildPhase;
			buildActionMask = 2147483647;
			files = (
			);
			runOnlyForDeploymentPostprocessing = 0;
		};
/* End PBXFrameworksBuildPhase section */

/* Begin PBXGroup section */
		AA9FB3CB27FC4BD50081F1F3 = {
			isa = PBXGroup;
			children = (
				AA9FB3D027FC4BD50081F1F3 /* Shared */,
				AA9FB3DF27FC4BD70081F1F3 /* macOS */,
				AA9FB3F227FC4CBB0081F1F3 /* BakEat(watchOS) */,
				AA9FB3FD27FC4CBD0081F1F3 /* BakEat(watchOS) WatchKit Extension */,
				AA9FB41F27FC4CD00081F1F3 /* BakEat(tvOS) */,
				AA9FB3D927FC4BD70081F1F3 /* Products */,
			);
			sourceTree = "<group>";
		};
		AA9FB3D027FC4BD50081F1F3 /* Shared */ = {
			isa = PBXGroup;
			children = (
				AA9FB3D127FC4BD50081F1F3 /* BakEatApp.swift */,
				AA9FB43227FC4E8E0081F1F3 /* StartingView.swift */,
				AA9FB43127FC4E8E0081F1F3 /* AllRecipesView.swift */,
				AA9FB43027FC4E8E0081F1F3 /* RecipeDetailView.swift */,
				AA9FB42F27FC4E8E0081F1F3 /* TabBarView.swift */,
				AA9FB44127FC4EDB0081F1F3 /* SectionViews */,
				AA9FB44027FC4ECB0081F1F3 /* SupportingViews */,
				AA9FB46527FC4F5B0081F1F3 /* ViewModels */,
				AA9FB45F27FC4F460081F1F3 /* Model */,
				AA9FB3D327FC4BD70081F1F3 /* Assets.xcassets */,
			);
			path = Shared;
			sourceTree = "<group>";
		};
		AA9FB3D927FC4BD70081F1F3 /* Products */ = {
			isa = PBXGroup;
			children = (
				AA9FB3D827FC4BD70081F1F3 /* BakEat.app */,
				AA9FB3DE27FC4BD70081F1F3 /* BakEat.app */,
				AA9FB3F127FC4CBB0081F1F3 /* BakEat(watchOS).app */,
				AA9FB3F927FC4CBD0081F1F3 /* BakEat(watchOS) WatchKit Extension.appex */,
				AA9FB41E27FC4CD00081F1F3 /* BakEat(tvOS).app */,
			);
			name = Products;
			sourceTree = "<group>";
		};
		AA9FB3DF27FC4BD70081F1F3 /* macOS */ = {
			isa = PBXGroup;
			children = (
				AA9FB46627FC4FB10081F1F3 /* SideBarView.swift */,
				AA9FB3E027FC4BD70081F1F3 /* macOS.entitlements */,
			);
			path = macOS;
			sourceTree = "<group>";
		};
		AA9FB3F227FC4CBB0081F1F3 /* BakEat(watchOS) */ = {
			isa = PBXGroup;
			children = (
				AA9FB3F327FC4CBD0081F1F3 /* Assets.xcassets */,
			);
			path = "BakEat(watchOS)";
			sourceTree = "<group>";
		};
		AA9FB3FD27FC4CBD0081F1F3 /* BakEat(watchOS) WatchKit Extension */ = {
			isa = PBXGroup;
			children = (
				AA9FB3FE27FC4CBD0081F1F3 /* BakEatApp.swift */,
				AA9FB46B27FC4FFF0081F1F3 /* ContentView.swift */,
				AA9FB47B27FC50640081F1F3 /* Views */,
				AA9FB46F27FC50150081F1F3 /* SupportingViews */,
				AA9FB40227FC4CBD0081F1F3 /* NotificationController.swift */,
				AA9FB40427FC4CBD0081F1F3 /* NotificationView.swift */,
				AA9FB40627FC4CBD0081F1F3 /* ComplicationController.swift */,
				AA9FB48227FC50860081F1F3 /* WatchConnectivityManager.swift */,
				AA9FB40827FC4CBE0081F1F3 /* Assets.xcassets */,
				AA9FB40D27FC4CBE0081F1F3 /* Info.plist */,
				AA9FB40E27FC4CBE0081F1F3 /* PushNotificationPayload.apns */,
				AA9FB40A27FC4CBE0081F1F3 /* Preview Content */,
			);
			path = "BakEat(watchOS) WatchKit Extension";
			sourceTree = "<group>";
		};
		AA9FB40A27FC4CBE0081F1F3 /* Preview Content */ = {
			isa = PBXGroup;
			children = (
				AA9FB40B27FC4CBE0081F1F3 /* Preview Assets.xcassets */,
			);
			path = "Preview Content";
			sourceTree = "<group>";
		};
		AA9FB41F27FC4CD00081F1F3 /* BakEat(tvOS) */ = {
			isa = PBXGroup;
			children = (
				AA9FB42027FC4CD00081F1F3 /* BakEat_tvOS_App.swift */,
				AA9FB42227FC4CD00081F1F3 /* ContentView.swift */,
				AA9FB48427FC6A0D0081F1F3 /* VideoThumbnailView.swift */,
				AA9FB48627FC6A240081F1F3 /* SectionsView */,
				AA9FB42427FC4CD10081F1F3 /* Assets.xcassets */,
				AA9FB42627FC4CD10081F1F3 /* Preview Content */,
			);
			path = "BakEat(tvOS)";
			sourceTree = "<group>";
		};
		AA9FB42627FC4CD10081F1F3 /* Preview Content */ = {
			isa = PBXGroup;
			children = (
				AA9FB42727FC4CD10081F1F3 /* Preview Assets.xcassets */,
			);
			path = "Preview Content";
			sourceTree = "<group>";
		};
		AA9FB44027FC4ECB0081F1F3 /* SupportingViews */ = {
			isa = PBXGroup;
			children = (
				AA9FB44B27FC4F0E0081F1F3 /* FavoriteButtonView.swift */,
				AA9FB44C27FC4F0E0081F1F3 /* LargeGridItem.swift */,
				AA9FB44D27FC4F0E0081F1F3 /* SmallGridItem.swift */,
			);
			path = SupportingViews;
			sourceTree = "<group>";
		};
		AA9FB44127FC4EDB0081F1F3 /* SectionViews */ = {
			isa = PBXGroup;
			children = (
				AA9FB44227FC4EFA0081F1F3 /* CakesView.swift */,
				AA9FB44427FC4EFA0081F1F3 /* CookiesView.swift */,
				AA9FB44327FC4EFA0081F1F3 /* PopularDessertsView.swift */,
			);
			path = SectionViews;
			sourceTree = "<group>";
		};
		AA9FB45F27FC4F460081F1F3 /* Model */ = {
			isa = PBXGroup;
			children = (
				AA9FB46027FC4F520081F1F3 /* Recipe.swift */,
			);
			path = Model;
			sourceTree = "<group>";
		};
		AA9FB46527FC4F5B0081F1F3 /* ViewModels */ = {
			isa = PBXGroup;
			children = (
				AA9FB48E27FC6C000081F1F3 /* CakesDataStore.swift */,
				AA9FB48F27FC6C000081F1F3 /* CookiesDataStore.swift */,
				AA9FB48D27FC6C000081F1F3 /* PopularRecipesDataStore.swift */,
			);
			path = ViewModels;
			sourceTree = "<group>";
		};
		AA9FB46F27FC50150081F1F3 /* SupportingViews */ = {
			isa = PBXGroup;
			children = (
				AA9FB47227FC50250081F1F3 /* StepView.swift */,
				AA9FB47127FC50250081F1F3 /* TimerView.swift */,
			);
			path = SupportingViews;
			sourceTree = "<group>";
		};
		AA9FB47B27FC50640081F1F3 /* Views */ = {
			isa = PBXGroup;
			children = (
				AA9FB47C27FC507C0081F1F3 /* IngredientsView.swift */,
				AA9FB47E27FC507C0081F1F3 /* StartRecipeView.swift */,
				AA9FB47D27FC507C0081F1F3 /* StepsTabView.swift */,
			);
			path = Views;
			sourceTree = "<group>";
		};
		AA9FB48627FC6A240081F1F3 /* SectionsView */ = {
			isa = PBXGroup;
			children = (
				AA9FB48927FC6A310081F1F3 /* CakesView.swift */,
				AA9FB48727FC6A310081F1F3 /* CookiesView.swift */,
				AA9FB48827FC6A310081F1F3 /* PopularDessertsView.swift */,
			);
			path = SectionsView;
			sourceTree = "<group>";
		};
/* End PBXGroup section */

/* Begin PBXNativeTarget section */
		AA9FB3D727FC4BD70081F1F3 /* BakEat (iOS) */ = {
			isa = PBXNativeTarget;
			buildConfigurationList = AA9FB3E927FC4BD70081F1F3 /* Build configuration list for PBXNativeTarget "BakEat (iOS)" */;
			buildPhases = (
				AA9FB3D427FC4BD70081F1F3 /* Sources */,
				AA9FB3D527FC4BD70081F1F3 /* Frameworks */,
				AA9FB3D627FC4BD70081F1F3 /* Resources */,
				AA9FB41227FC4CBE0081F1F3 /* Embed Watch Content */,
			);
			buildRules = (
			);
			dependencies = (
				AA9FB41027FC4CBE0081F1F3 /* PBXTargetDependency */,
			);
			name = "BakEat (iOS)";
			productName = "BakEat (iOS)";
			productReference = AA9FB3D827FC4BD70081F1F3 /* BakEat.app */;
			productType = "com.apple.product-type.application";
		};
		AA9FB3DD27FC4BD70081F1F3 /* BakEat (macOS) */ = {
			isa = PBXNativeTarget;
			buildConfigurationList = AA9FB3EC27FC4BD70081F1F3 /* Build configuration list for PBXNativeTarget "BakEat (macOS)" */;
			buildPhases = (
				AA9FB3DA27FC4BD70081F1F3 /* Sources */,
				AA9FB3DB27FC4BD70081F1F3 /* Frameworks */,
				AA9FB3DC27FC4BD70081F1F3 /* Resources */,
			);
			buildRules = (
			);
			dependencies = (
			);
			name = "BakEat (macOS)";
			productName = "BakEat (macOS)";
			productReference = AA9FB3DE27FC4BD70081F1F3 /* BakEat.app */;
			productType = "com.apple.product-type.application";
		};
		AA9FB3F027FC4CBB0081F1F3 /* BakEat(watchOS) */ = {
			isa = PBXNativeTarget;
			buildConfigurationList = AA9FB41927FC4CBE0081F1F3 /* Build configuration list for PBXNativeTarget "BakEat(watchOS)" */;
			buildPhases = (
				AA9FB3EF27FC4CBB0081F1F3 /* Resources */,
				AA9FB41527FC4CBE0081F1F3 /* Embed App Extensions */,
			);
			buildRules = (
			);
			dependencies = (
				AA9FB3FC27FC4CBD0081F1F3 /* PBXTargetDependency */,
			);
			name = "BakEat(watchOS)";
			productName = "BakEat(watchOS)";
			productReference = AA9FB3F127FC4CBB0081F1F3 /* BakEat(watchOS).app */;
			productType = "com.apple.product-type.application.watchapp2";
		};
		AA9FB3F827FC4CBD0081F1F3 /* BakEat(watchOS) WatchKit Extension */ = {
			isa = PBXNativeTarget;
			buildConfigurationList = AA9FB41827FC4CBE0081F1F3 /* Build configuration list for PBXNativeTarget "BakEat(watchOS) WatchKit Extension" */;
			buildPhases = (
				AA9FB3F527FC4CBD0081F1F3 /* Sources */,
				AA9FB3F627FC4CBD0081F1F3 /* Frameworks */,
				AA9FB3F727FC4CBD0081F1F3 /* Resources */,
			);
			buildRules = (
			);
			dependencies = (
			);
			name = "BakEat(watchOS) WatchKit Extension";
			productName = "BakEat(watchOS) WatchKit Extension";
			productReference = AA9FB3F927FC4CBD0081F1F3 /* BakEat(watchOS) WatchKit Extension.appex */;
			productType = "com.apple.product-type.watchkit2-extension";
		};
		AA9FB41D27FC4CD00081F1F3 /* BakEat(tvOS) */ = {
			isa = PBXNativeTarget;
			buildConfigurationList = AA9FB42927FC4CD10081F1F3 /* Build configuration list for PBXNativeTarget "BakEat(tvOS)" */;
			buildPhases = (
				AA9FB41A27FC4CD00081F1F3 /* Sources */,
				AA9FB41B27FC4CD00081F1F3 /* Frameworks */,
				AA9FB41C27FC4CD00081F1F3 /* Resources */,
			);
			buildRules = (
			);
			dependencies = (
			);
			name = "BakEat(tvOS)";
			productName = "BakEat(tvOS)";
			productReference = AA9FB41E27FC4CD00081F1F3 /* BakEat(tvOS).app */;
			productType = "com.apple.product-type.application";
		};
/* End PBXNativeTarget section */

/* Begin PBXProject section */
		AA9FB3CC27FC4BD50081F1F3 /* Project object */ = {
			isa = PBXProject;
			attributes = {
				BuildIndependentTargetsInParallel = 1;
				LastSwiftUpdateCheck = 1330;
				LastUpgradeCheck = 1330;
				TargetAttributes = {
					AA9FB3D727FC4BD70081F1F3 = {
						CreatedOnToolsVersion = 13.3;
					};
					AA9FB3DD27FC4BD70081F1F3 = {
						CreatedOnToolsVersion = 13.3;
					};
					AA9FB3F027FC4CBB0081F1F3 = {
						CreatedOnToolsVersion = 13.3;
					};
					AA9FB3F827FC4CBD0081F1F3 = {
						CreatedOnToolsVersion = 13.3;
					};
					AA9FB41D27FC4CD00081F1F3 = {
						CreatedOnToolsVersion = 13.3;
					};
				};
			};
			buildConfigurationList = AA9FB3CF27FC4BD50081F1F3 /* Build configuration list for PBXProject "BakEat" */;
			compatibilityVersion = "Xcode 13.0";
			developmentRegion = en;
			hasScannedForEncodings = 0;
			knownRegions = (
				en,
				Base,
			);
			mainGroup = AA9FB3CB27FC4BD50081F1F3;
			productRefGroup = AA9FB3D927FC4BD70081F1F3 /* Products */;
			projectDirPath = "";
			projectRoot = "";
			targets = (
				AA9FB3D727FC4BD70081F1F3 /* BakEat (iOS) */,
				AA9FB3DD27FC4BD70081F1F3 /* BakEat (macOS) */,
				AA9FB3F027FC4CBB0081F1F3 /* BakEat(watchOS) */,
				AA9FB3F827FC4CBD0081F1F3 /* BakEat(watchOS) WatchKit Extension */,
				AA9FB41D27FC4CD00081F1F3 /* BakEat(tvOS) */,
			);
		};
/* End PBXProject section */

/* Begin PBXResourcesBuildPhase section */
		AA9FB3D627FC4BD70081F1F3 /* Resources */ = {
			isa = PBXResourcesBuildPhase;
			buildActionMask = 2147483647;
			files = (
				AA9FB3E527FC4BD70081F1F3 /* Assets.xcassets in Resources */,
			);
			runOnlyForDeploymentPostprocessing = 0;
		};
		AA9FB3DC27FC4BD70081F1F3 /* Resources */ = {
			isa = PBXResourcesBuildPhase;
			buildActionMask = 2147483647;
			files = (
				AA9FB3E627FC4BD70081F1F3 /* Assets.xcassets in Resources */,
			);
			runOnlyForDeploymentPostprocessing = 0;
		};
		AA9FB3EF27FC4CBB0081F1F3 /* Resources */ = {
			isa = PBXResourcesBuildPhase;
			buildActionMask = 2147483647;
			files = (
				AA9FB42C27FC4D210081F1F3 /* Assets.xcassets in Resources */,
				AA9FB3F427FC4CBD0081F1F3 /* Assets.xcassets in Resources */,
			);
			runOnlyForDeploymentPostprocessing = 0;
		};
		AA9FB3F727FC4CBD0081F1F3 /* Resources */ = {
			isa = PBXResourcesBuildPhase;
			buildActionMask = 2147483647;
			files = (
				AA9FB40C27FC4CBE0081F1F3 /* Preview Assets.xcassets in Resources */,
				AA9FB42D27FC4D210081F1F3 /* Assets.xcassets in Resources */,
				AA9FB40927FC4CBE0081F1F3 /* Assets.xcassets in Resources */,
			);
			runOnlyForDeploymentPostprocessing = 0;
		};
		AA9FB41C27FC4CD00081F1F3 /* Resources */ = {
			isa = PBXResourcesBuildPhase;
			buildActionMask = 2147483647;
			files = (
				AA9FB42827FC4CD10081F1F3 /* Preview Assets.xcassets in Resources */,
				AA9FB42E27FC4D220081F1F3 /* Assets.xcassets in Resources */,
				AA9FB42527FC4CD10081F1F3 /* Assets.xcassets in Resources */,
			);
			runOnlyForDeploymentPostprocessing = 0;
		};
/* End PBXResourcesBuildPhase section */

/* Begin PBXSourcesBuildPhase section */
		AA9FB3D427FC4BD70081F1F3 /* Sources */ = {
			isa = PBXSourcesBuildPhase;
			buildActionMask = 2147483647;
			files = (
				AA9FB44727FC4EFA0081F1F3 /* PopularDessertsView.swift in Sources */,
				AA9FB49427FC6C000081F1F3 /* CakesDataStore.swift in Sources */,
				AA9FB45227FC4F0E0081F1F3 /* SmallGridItem.swift in Sources */,
				AA9FB43627FC4E8E0081F1F3 /* StartingView.swift in Sources */,
				AA9FB46127FC4F520081F1F3 /* Recipe.swift in Sources */,
				AA9FB49827FC6C000081F1F3 /* CookiesDataStore.swift in Sources */,
				AA9FB43527FC4E8E0081F1F3 /* AllRecipesView.swift in Sources */,
				AA9FB44527FC4EFA0081F1F3 /* CakesView.swift in Sources */,
				AA9FB46727FC4FB10081F1F3 /* SideBarView.swift in Sources */,
				AA9FB44E27FC4F0E0081F1F3 /* FavoriteButtonView.swift in Sources */,
				AA9FB44927FC4EFA0081F1F3 /* CookiesView.swift in Sources */,
				AA9FB49027FC6C000081F1F3 /* PopularRecipesDataStore.swift in Sources */,
				AA9FB43327FC4E8E0081F1F3 /* TabBarView.swift in Sources */,
				AA9FB3E127FC4BD70081F1F3 /* BakEatApp.swift in Sources */,
				AA9FB45027FC4F0E0081F1F3 /* LargeGridItem.swift in Sources */,
				AA9FB43427FC4E8E0081F1F3 /* RecipeDetailView.swift in Sources */,
			);
			runOnlyForDeploymentPostprocessing = 0;
		};
		AA9FB3DA27FC4BD70081F1F3 /* Sources */ = {
			isa = PBXSourcesBuildPhase;
			buildActionMask = 2147483647;
			files = (
				AA9FB44827FC4EFA0081F1F3 /* PopularDessertsView.swift in Sources */,
				AA9FB49527FC6C000081F1F3 /* CakesDataStore.swift in Sources */,
				AA9FB45327FC4F0E0081F1F3 /* SmallGridItem.swift in Sources */,
				AA9FB43727FC4EAC0081F1F3 /* StartingView.swift in Sources */,
				AA9FB46227FC4F520081F1F3 /* Recipe.swift in Sources */,
				AA9FB49927FC6C000081F1F3 /* CookiesDataStore.swift in Sources */,
				AA9FB3E227FC4BD70081F1F3 /* BakEatApp.swift in Sources */,
				AA9FB44627FC4EFA0081F1F3 /* CakesView.swift in Sources */,
				AA9FB46827FC4FB10081F1F3 /* SideBarView.swift in Sources */,
				AA9FB44F27FC4F0E0081F1F3 /* FavoriteButtonView.swift in Sources */,
				AA9FB44A27FC4EFA0081F1F3 /* CookiesView.swift in Sources */,
				AA9FB49127FC6C000081F1F3 /* PopularRecipesDataStore.swift in Sources */,
				AA9FB43927FC4EB30081F1F3 /* AllRecipesView.swift in Sources */,
				AA9FB43F27FC4EC30081F1F3 /* TabBarView.swift in Sources */,
				AA9FB45127FC4F0E0081F1F3 /* LargeGridItem.swift in Sources */,
				AA9FB43B27FC4EBF0081F1F3 /* RecipeDetailView.swift in Sources */,
			);
			runOnlyForDeploymentPostprocessing = 0;
		};
		AA9FB3F527FC4CBD0081F1F3 /* Sources */ = {
			isa = PBXSourcesBuildPhase;
			buildActionMask = 2147483647;
			files = (
				AA9FB40327FC4CBD0081F1F3 /* NotificationController.swift in Sources */,
				AA9FB48127FC507C0081F1F3 /* StartRecipeView.swift in Sources */,
				AA9FB47F27FC507C0081F1F3 /* IngredientsView.swift in Sources */,
				AA9FB46327FC4F520081F1F3 /* Recipe.swift in Sources */,
				AA9FB48027FC507C0081F1F3 /* StepsTabView.swift in Sources */,
				AA9FB46E27FC4FFF0081F1F3 /* ContentView.swift in Sources */,
				AA9FB48327FC50860081F1F3 /* WatchConnectivityManager.swift in Sources */,
				AA9FB49627FC6C000081F1F3 /* CakesDataStore.swift in Sources */,
				AA9FB40727FC4CBD0081F1F3 /* ComplicationController.swift in Sources */,
				AA9FB49227FC6C000081F1F3 /* PopularRecipesDataStore.swift in Sources */,
				AA9FB3FF27FC4CBD0081F1F3 /* BakEatApp.swift in Sources */,
				AA9FB49A27FC6C000081F1F3 /* CookiesDataStore.swift in Sources */,
				AA9FB47427FC50250081F1F3 /* StepView.swift in Sources */,
				AA9FB47327FC50250081F1F3 /* TimerView.swift in Sources */,
				AA9FB40527FC4CBD0081F1F3 /* NotificationView.swift in Sources */,
			);
			runOnlyForDeploymentPostprocessing = 0;
		};
		AA9FB41A27FC4CD00081F1F3 /* Sources */ = {
			isa = PBXSourcesBuildPhase;
			buildActionMask = 2147483647;
			files = (
				AA9FB43827FC4EAC0081F1F3 /* StartingView.swift in Sources */,
				AA9FB43C27FC4EC00081F1F3 /* RecipeDetailView.swift in Sources */,
				AA9FB42327FC4CD00081F1F3 /* ContentView.swift in Sources */,
				AA9FB43A27FC4EB30081F1F3 /* AllRecipesView.swift in Sources */,
				AA9FB48B27FC6A310081F1F3 /* PopularDessertsView.swift in Sources */,
				AA9FB48A27FC6A310081F1F3 /* CookiesView.swift in Sources */,
				AA9FB43E27FC4EC30081F1F3 /* TabBarView.swift in Sources */,
				AA9FB49727FC6C000081F1F3 /* CakesDataStore.swift in Sources */,
				AA9FB42127FC4CD00081F1F3 /* BakEat_tvOS_App.swift in Sources */,
				AA9FB49327FC6C000081F1F3 /* PopularRecipesDataStore.swift in Sources */,
				AA9FB48C27FC6A310081F1F3 /* CakesView.swift in Sources */,
				AA9FB49B27FC6C000081F1F3 /* CookiesDataStore.swift in Sources */,
				AA9FB45427FC4F110081F1F3 /* FavoriteButtonView.swift in Sources */,
				AA9FB48527FC6A0D0081F1F3 /* VideoThumbnailView.swift in Sources */,
				AA9FB46427FC4F520081F1F3 /* Recipe.swift in Sources */,
			);
			runOnlyForDeploymentPostprocessing = 0;
		};
/* End PBXSourcesBuildPhase section */

/* Begin PBXTargetDependency section */
		AA9FB3FC27FC4CBD0081F1F3 /* PBXTargetDependency */ = {
			isa = PBXTargetDependency;
			target = AA9FB3F827FC4CBD0081F1F3 /* BakEat(watchOS) WatchKit Extension */;
			targetProxy = AA9FB3FB27FC4CBD0081F1F3 /* PBXContainerItemProxy */;
		};
		AA9FB41027FC4CBE0081F1F3 /* PBXTargetDependency */ = {
			isa = PBXTargetDependency;
			target = AA9FB3F027FC4CBB0081F1F3 /* BakEat(watchOS) */;
			targetProxy = AA9FB40F27FC4CBE0081F1F3 /* PBXContainerItemProxy */;
		};
/* End PBXTargetDependency section */

/* Begin XCBuildConfiguration section */
		AA9FB3E727FC4BD70081F1F3 /* Debug */ = {
			isa = XCBuildConfiguration;
			buildSettings = {
				ALWAYS_SEARCH_USER_PATHS = NO;
				CLANG_ANALYZER_NONNULL = YES;
				CLANG_ANALYZER_NUMBER_OBJECT_CONVERSION = YES_AGGRESSIVE;
				CLANG_CXX_LANGUAGE_STANDARD = "gnu++17";
				CLANG_ENABLE_MODULES = YES;
				CLANG_ENABLE_OBJC_ARC = YES;
				CLANG_ENABLE_OBJC_WEAK = YES;
				CLANG_WARN_BLOCK_CAPTURE_AUTORELEASING = YES;
				CLANG_WARN_BOOL_CONVERSION = YES;
				CLANG_WARN_COMMA = YES;
				CLANG_WARN_CONSTANT_CONVERSION = YES;
				CLANG_WARN_DEPRECATED_OBJC_IMPLEMENTATIONS = YES;
				CLANG_WARN_DIRECT_OBJC_ISA_USAGE = YES_ERROR;
				CLANG_WARN_DOCUMENTATION_COMMENTS = YES;
				CLANG_WARN_EMPTY_BODY = YES;
				CLANG_WARN_ENUM_CONVERSION = YES;
				CLANG_WARN_INFINITE_RECURSION = YES;
				CLANG_WARN_INT_CONVERSION = YES;
				CLANG_WARN_NON_LITERAL_NULL_CONVERSION = YES;
				CLANG_WARN_OBJC_IMPLICIT_RETAIN_SELF = YES;
				CLANG_WARN_OBJC_LITERAL_CONVERSION = YES;
				CLANG_WARN_OBJC_ROOT_CLASS = YES_ERROR;
				CLANG_WARN_QUOTED_INCLUDE_IN_FRAMEWORK_HEADER = YES;
				CLANG_WARN_RANGE_LOOP_ANALYSIS = YES;
				CLANG_WARN_STRICT_PROTOTYPES = YES;
				CLANG_WARN_SUSPICIOUS_MOVE = YES;
				CLANG_WARN_UNGUARDED_AVAILABILITY = YES_AGGRESSIVE;
				CLANG_WARN_UNREACHABLE_CODE = YES;
				CLANG_WARN__DUPLICATE_METHOD_MATCH = YES;
				COPY_PHASE_STRIP = NO;
				DEBUG_INFORMATION_FORMAT = dwarf;
				ENABLE_STRICT_OBJC_MSGSEND = YES;
				ENABLE_TESTABILITY = YES;
				GCC_C_LANGUAGE_STANDARD = gnu11;
				GCC_DYNAMIC_NO_PIC = NO;
				GCC_NO_COMMON_BLOCKS = YES;
				GCC_OPTIMIZATION_LEVEL = 0;
				GCC_PREPROCESSOR_DEFINITIONS = (
					"DEBUG=1",
					"$(inherited)",
				);
				GCC_WARN_64_TO_32_BIT_CONVERSION = YES;
				GCC_WARN_ABOUT_RETURN_TYPE = YES_ERROR;
				GCC_WARN_UNDECLARED_SELECTOR = YES;
				GCC_WARN_UNINITIALIZED_AUTOS = YES_AGGRESSIVE;
				GCC_WARN_UNUSED_FUNCTION = YES;
				GCC_WARN_UNUSED_VARIABLE = YES;
				MTL_ENABLE_DEBUG_INFO = INCLUDE_SOURCE;
				MTL_FAST_MATH = YES;
				ONLY_ACTIVE_ARCH = YES;
				SWIFT_ACTIVE_COMPILATION_CONDITIONS = DEBUG;
				SWIFT_OPTIMIZATION_LEVEL = "-Onone";
			};
			name = Debug;
		};
		AA9FB3E827FC4BD70081F1F3 /* Release */ = {
			isa = XCBuildConfiguration;
			buildSettings = {
				ALWAYS_SEARCH_USER_PATHS = NO;
				CLANG_ANALYZER_NONNULL = YES;
				CLANG_ANALYZER_NUMBER_OBJECT_CONVERSION = YES_AGGRESSIVE;
				CLANG_CXX_LANGUAGE_STANDARD = "gnu++17";
				CLANG_ENABLE_MODULES = YES;
				CLANG_ENABLE_OBJC_ARC = YES;
				CLANG_ENABLE_OBJC_WEAK = YES;
				CLANG_WARN_BLOCK_CAPTURE_AUTORELEASING = YES;
				CLANG_WARN_BOOL_CONVERSION = YES;
				CLANG_WARN_COMMA = YES;
				CLANG_WARN_CONSTANT_CONVERSION = YES;
				CLANG_WARN_DEPRECATED_OBJC_IMPLEMENTATIONS = YES;
				CLANG_WARN_DIRECT_OBJC_ISA_USAGE = YES_ERROR;
				CLANG_WARN_DOCUMENTATION_COMMENTS = YES;
				CLANG_WARN_EMPTY_BODY = YES;
				CLANG_WARN_ENUM_CONVERSION = YES;
				CLANG_WARN_INFINITE_RECURSION = YES;
				CLANG_WARN_INT_CONVERSION = YES;
				CLANG_WARN_NON_LITERAL_NULL_CONVERSION = YES;
				CLANG_WARN_OBJC_IMPLICIT_RETAIN_SELF = YES;
				CLANG_WARN_OBJC_LITERAL_CONVERSION = YES;
				CLANG_WARN_OBJC_ROOT_CLASS = YES_ERROR;
				CLANG_WARN_QUOTED_INCLUDE_IN_FRAMEWORK_HEADER = YES;
				CLANG_WARN_RANGE_LOOP_ANALYSIS = YES;
				CLANG_WARN_STRICT_PROTOTYPES = YES;
				CLANG_WARN_SUSPICIOUS_MOVE = YES;
				CLANG_WARN_UNGUARDED_AVAILABILITY = YES_AGGRESSIVE;
				CLANG_WARN_UNREACHABLE_CODE = YES;
				CLANG_WARN__DUPLICATE_METHOD_MATCH = YES;
				COPY_PHASE_STRIP = NO;
				DEBUG_INFORMATION_FORMAT = "dwarf-with-dsym";
				ENABLE_NS_ASSERTIONS = NO;
				ENABLE_STRICT_OBJC_MSGSEND = YES;
				GCC_C_LANGUAGE_STANDARD = gnu11;
				GCC_NO_COMMON_BLOCKS = YES;
				GCC_WARN_64_TO_32_BIT_CONVERSION = YES;
				GCC_WARN_ABOUT_RETURN_TYPE = YES_ERROR;
				GCC_WARN_UNDECLARED_SELECTOR = YES;
				GCC_WARN_UNINITIALIZED_AUTOS = YES_AGGRESSIVE;
				GCC_WARN_UNUSED_FUNCTION = YES;
				GCC_WARN_UNUSED_VARIABLE = YES;
				MTL_ENABLE_DEBUG_INFO = NO;
				MTL_FAST_MATH = YES;
				SWIFT_COMPILATION_MODE = wholemodule;
				SWIFT_OPTIMIZATION_LEVEL = "-O";
			};
			name = Release;
		};
		AA9FB3EA27FC4BD70081F1F3 /* Debug */ = {
			isa = XCBuildConfiguration;
			buildSettings = {
				ASSETCATALOG_COMPILER_APPICON_NAME = AppIcon;
				ASSETCATALOG_COMPILER_GLOBAL_ACCENT_COLOR_NAME = AccentColor;
				CODE_SIGN_STYLE = Automatic;
				CURRENT_PROJECT_VERSION = 1;
				DEVELOPMENT_TEAM = 25B2U66Z6V;
				ENABLE_PREVIEWS = YES;
				GENERATE_INFOPLIST_FILE = YES;
				INFOPLIST_KEY_UIApplicationSceneManifest_Generation = YES;
				INFOPLIST_KEY_UIApplicationSupportsIndirectInputEvents = YES;
				INFOPLIST_KEY_UILaunchScreen_Generation = YES;
				INFOPLIST_KEY_UISupportedInterfaceOrientations_iPad = "UIInterfaceOrientationPortrait UIInterfaceOrientationPortraitUpsideDown UIInterfaceOrientationLandscapeLeft UIInterfaceOrientationLandscapeRight";
				INFOPLIST_KEY_UISupportedInterfaceOrientations_iPhone = "UIInterfaceOrientationPortrait UIInterfaceOrientationLandscapeLeft UIInterfaceOrientationLandscapeRight";
				IPHONEOS_DEPLOYMENT_TARGET = 15.4;
				LD_RUNPATH_SEARCH_PATHS = (
					"$(inherited)",
					"@executable_path/Frameworks",
				);
				MARKETING_VERSION = 1.0;
				PRODUCT_BUNDLE_IDENTIFIER = BarbaraB.BakEat;
				PRODUCT_NAME = BakEat;
				SDKROOT = iphoneos;
				SWIFT_EMIT_LOC_STRINGS = YES;
				SWIFT_VERSION = 5.0;
				TARGETED_DEVICE_FAMILY = "1,2";
			};
			name = Debug;
		};
		AA9FB3EB27FC4BD70081F1F3 /* Release */ = {
			isa = XCBuildConfiguration;
			buildSettings = {
				ASSETCATALOG_COMPILER_APPICON_NAME = AppIcon;
				ASSETCATALOG_COMPILER_GLOBAL_ACCENT_COLOR_NAME = AccentColor;
				CODE_SIGN_STYLE = Automatic;
				CURRENT_PROJECT_VERSION = 1;
				DEVELOPMENT_TEAM = 25B2U66Z6V;
				ENABLE_PREVIEWS = YES;
				GENERATE_INFOPLIST_FILE = YES;
				INFOPLIST_KEY_UIApplicationSceneManifest_Generation = YES;
				INFOPLIST_KEY_UIApplicationSupportsIndirectInputEvents = YES;
				INFOPLIST_KEY_UILaunchScreen_Generation = YES;
				INFOPLIST_KEY_UISupportedInterfaceOrientations_iPad = "UIInterfaceOrientationPortrait UIInterfaceOrientationPortraitUpsideDown UIInterfaceOrientationLandscapeLeft UIInterfaceOrientationLandscapeRight";
				INFOPLIST_KEY_UISupportedInterfaceOrientations_iPhone = "UIInterfaceOrientationPortrait UIInterfaceOrientationLandscapeLeft UIInterfaceOrientationLandscapeRight";
				IPHONEOS_DEPLOYMENT_TARGET = 15.4;
				LD_RUNPATH_SEARCH_PATHS = (
					"$(inherited)",
					"@executable_path/Frameworks",
				);
				MARKETING_VERSION = 1.0;
				PRODUCT_BUNDLE_IDENTIFIER = BarbaraB.BakEat;
				PRODUCT_NAME = BakEat;
				SDKROOT = iphoneos;
				SWIFT_EMIT_LOC_STRINGS = YES;
				SWIFT_VERSION = 5.0;
				TARGETED_DEVICE_FAMILY = "1,2";
				VALIDATE_PRODUCT = YES;
			};
			name = Release;
		};
		AA9FB3ED27FC4BD70081F1F3 /* Debug */ = {
			isa = XCBuildConfiguration;
			buildSettings = {
				ASSETCATALOG_COMPILER_APPICON_NAME = AppIcon;
				ASSETCATALOG_COMPILER_GLOBAL_ACCENT_COLOR_NAME = AccentColor;
				CODE_SIGN_ENTITLEMENTS = macOS/macOS.entitlements;
				CODE_SIGN_STYLE = Automatic;
				COMBINE_HIDPI_IMAGES = YES;
				CURRENT_PROJECT_VERSION = 1;
				DEVELOPMENT_TEAM = 25B2U66Z6V;
				ENABLE_HARDENED_RUNTIME = YES;
				ENABLE_PREVIEWS = YES;
				GENERATE_INFOPLIST_FILE = YES;
				INFOPLIST_KEY_NSHumanReadableCopyright = "";
				LD_RUNPATH_SEARCH_PATHS = (
					"$(inherited)",
					"@executable_path/../Frameworks",
				);
				MACOSX_DEPLOYMENT_TARGET = 12.1;
				MARKETING_VERSION = 1.0;
				PRODUCT_BUNDLE_IDENTIFIER = BarbaraB.BakEat;
				PRODUCT_NAME = BakEat;
				SDKROOT = macosx;
				SWIFT_EMIT_LOC_STRINGS = YES;
				SWIFT_VERSION = 5.0;
			};
			name = Debug;
		};
		AA9FB3EE27FC4BD70081F1F3 /* Release */ = {
			isa = XCBuildConfiguration;
			buildSettings = {
				ASSETCATALOG_COMPILER_APPICON_NAME = AppIcon;
				ASSETCATALOG_COMPILER_GLOBAL_ACCENT_COLOR_NAME = AccentColor;
				CODE_SIGN_ENTITLEMENTS = macOS/macOS.entitlements;
				CODE_SIGN_STYLE = Automatic;
				COMBINE_HIDPI_IMAGES = YES;
				CURRENT_PROJECT_VERSION = 1;
				DEVELOPMENT_TEAM = 25B2U66Z6V;
				ENABLE_HARDENED_RUNTIME = YES;
				ENABLE_PREVIEWS = YES;
				GENERATE_INFOPLIST_FILE = YES;
				INFOPLIST_KEY_NSHumanReadableCopyright = "";
				LD_RUNPATH_SEARCH_PATHS = (
					"$(inherited)",
					"@executable_path/../Frameworks",
				);
				MACOSX_DEPLOYMENT_TARGET = 12.1;
				MARKETING_VERSION = 1.0;
				PRODUCT_BUNDLE_IDENTIFIER = BarbaraB.BakEat;
				PRODUCT_NAME = BakEat;
				SDKROOT = macosx;
				SWIFT_EMIT_LOC_STRINGS = YES;
				SWIFT_VERSION = 5.0;
			};
			name = Release;
		};
		AA9FB41327FC4CBE0081F1F3 /* Debug */ = {
			isa = XCBuildConfiguration;
			buildSettings = {
				ALWAYS_EMBED_SWIFT_STANDARD_LIBRARIES = YES;
				ASSETCATALOG_COMPILER_APPICON_NAME = AppIcon;
				ASSETCATALOG_COMPILER_GLOBAL_ACCENT_COLOR_NAME = AccentColor;
				CODE_SIGN_STYLE = Automatic;
				CURRENT_PROJECT_VERSION = 1;
				DEVELOPMENT_TEAM = 25B2U66Z6V;
				GENERATE_INFOPLIST_FILE = YES;
				IBSC_MODULE = BakEat_watchOS__WatchKit_Extension;
				INFOPLIST_KEY_CFBundleDisplayName = "BakEat(watchOS)";
				INFOPLIST_KEY_UISupportedInterfaceOrientations = "UIInterfaceOrientationPortrait UIInterfaceOrientationPortraitUpsideDown";
				INFOPLIST_KEY_WKCompanionAppBundleIdentifier = BarbaraB.BakEat;
				MARKETING_VERSION = 1.0;
				PRODUCT_BUNDLE_IDENTIFIER = BarbaraB.BakEat.watchkitapp;
				PRODUCT_NAME = "$(TARGET_NAME)";
				SDKROOT = watchos;
				SKIP_INSTALL = YES;
				SWIFT_EMIT_LOC_STRINGS = YES;
				SWIFT_VERSION = 5.0;
				TARGETED_DEVICE_FAMILY = 4;
				WATCHOS_DEPLOYMENT_TARGET = 8.5;
			};
			name = Debug;
		};
		AA9FB41427FC4CBE0081F1F3 /* Release */ = {
			isa = XCBuildConfiguration;
			buildSettings = {
				ALWAYS_EMBED_SWIFT_STANDARD_LIBRARIES = YES;
				ASSETCATALOG_COMPILER_APPICON_NAME = AppIcon;
				ASSETCATALOG_COMPILER_GLOBAL_ACCENT_COLOR_NAME = AccentColor;
				CODE_SIGN_STYLE = Automatic;
				CURRENT_PROJECT_VERSION = 1;
				DEVELOPMENT_TEAM = 25B2U66Z6V;
				GENERATE_INFOPLIST_FILE = YES;
				IBSC_MODULE = BakEat_watchOS__WatchKit_Extension;
				INFOPLIST_KEY_CFBundleDisplayName = "BakEat(watchOS)";
				INFOPLIST_KEY_UISupportedInterfaceOrientations = "UIInterfaceOrientationPortrait UIInterfaceOrientationPortraitUpsideDown";
				INFOPLIST_KEY_WKCompanionAppBundleIdentifier = BarbaraB.BakEat;
				MARKETING_VERSION = 1.0;
				PRODUCT_BUNDLE_IDENTIFIER = BarbaraB.BakEat.watchkitapp;
				PRODUCT_NAME = "$(TARGET_NAME)";
				SDKROOT = watchos;
				SKIP_INSTALL = YES;
				SWIFT_EMIT_LOC_STRINGS = YES;
				SWIFT_VERSION = 5.0;
				TARGETED_DEVICE_FAMILY = 4;
				VALIDATE_PRODUCT = YES;
				WATCHOS_DEPLOYMENT_TARGET = 8.5;
			};
			name = Release;
		};
		AA9FB41627FC4CBE0081F1F3 /* Debug */ = {
			isa = XCBuildConfiguration;
			buildSettings = {
				ASSETCATALOG_COMPILER_COMPLICATION_NAME = Complication;
				CODE_SIGN_STYLE = Automatic;
				CURRENT_PROJECT_VERSION = 1;
				DEVELOPMENT_ASSET_PATHS = "\"BakEat(watchOS) WatchKit Extension/Preview Content\"";
				DEVELOPMENT_TEAM = 25B2U66Z6V;
				ENABLE_PREVIEWS = YES;
				GENERATE_INFOPLIST_FILE = YES;
				INFOPLIST_FILE = "BakEat(watchOS) WatchKit Extension/Info.plist";
				INFOPLIST_KEY_CFBundleDisplayName = "BakEat(watchOS) WatchKit Extension";
				INFOPLIST_KEY_CLKComplicationPrincipalClass = "$(PRODUCT_MODULE_NAME).ComplicationController";
				INFOPLIST_KEY_NSHumanReadableCopyright = "";
				LD_RUNPATH_SEARCH_PATHS = (
					"$(inherited)",
					"@executable_path/Frameworks",
					"@executable_path/../../Frameworks",
				);
				MARKETING_VERSION = 1.0;
				PRODUCT_BUNDLE_IDENTIFIER = BarbaraB.BakEat.watchkitapp.watchkitextension;
				PRODUCT_NAME = "${TARGET_NAME}";
				SDKROOT = watchos;
				SKIP_INSTALL = YES;
				SWIFT_EMIT_LOC_STRINGS = YES;
				SWIFT_VERSION = 5.0;
				TARGETED_DEVICE_FAMILY = 4;
				WATCHOS_DEPLOYMENT_TARGET = 8.5;
			};
			name = Debug;
		};
		AA9FB41727FC4CBE0081F1F3 /* Release */ = {
			isa = XCBuildConfiguration;
			buildSettings = {
				ASSETCATALOG_COMPILER_COMPLICATION_NAME = Complication;
				CODE_SIGN_STYLE = Automatic;
				CURRENT_PROJECT_VERSION = 1;
				DEVELOPMENT_ASSET_PATHS = "\"BakEat(watchOS) WatchKit Extension/Preview Content\"";
				DEVELOPMENT_TEAM = 25B2U66Z6V;
				ENABLE_PREVIEWS = YES;
				GENERATE_INFOPLIST_FILE = YES;
				INFOPLIST_FILE = "BakEat(watchOS) WatchKit Extension/Info.plist";
				INFOPLIST_KEY_CFBundleDisplayName = "BakEat(watchOS) WatchKit Extension";
				INFOPLIST_KEY_CLKComplicationPrincipalClass = "$(PRODUCT_MODULE_NAME).ComplicationController";
				INFOPLIST_KEY_NSHumanReadableCopyright = "";
				LD_RUNPATH_SEARCH_PATHS = (
					"$(inherited)",
					"@executable_path/Frameworks",
					"@executable_path/../../Frameworks",
				);
				MARKETING_VERSION = 1.0;
				PRODUCT_BUNDLE_IDENTIFIER = BarbaraB.BakEat.watchkitapp.watchkitextension;
				PRODUCT_NAME = "${TARGET_NAME}";
				SDKROOT = watchos;
				SKIP_INSTALL = YES;
				SWIFT_EMIT_LOC_STRINGS = YES;
				SWIFT_VERSION = 5.0;
				TARGETED_DEVICE_FAMILY = 4;
				VALIDATE_PRODUCT = YES;
				WATCHOS_DEPLOYMENT_TARGET = 8.5;
			};
			name = Release;
		};
		AA9FB42A27FC4CD10081F1F3 /* Debug */ = {
			isa = XCBuildConfiguration;
			buildSettings = {
				ASSETCATALOG_COMPILER_APPICON_NAME = "App Icon & Top Shelf Image";
				ASSETCATALOG_COMPILER_GLOBAL_ACCENT_COLOR_NAME = AccentColor;
				CODE_SIGN_STYLE = Automatic;
				CURRENT_PROJECT_VERSION = 1;
				DEVELOPMENT_ASSET_PATHS = "\"BakEat(tvOS)/Preview Content\"";
				DEVELOPMENT_TEAM = 25B2U66Z6V;
				ENABLE_PREVIEWS = YES;
				GENERATE_INFOPLIST_FILE = YES;
				INFOPLIST_KEY_UILaunchScreen_Generation = YES;
				INFOPLIST_KEY_UIUserInterfaceStyle = Automatic;
				LD_RUNPATH_SEARCH_PATHS = (
					"$(inherited)",
					"@executable_path/Frameworks",
				);
				MARKETING_VERSION = 1.0;
				PRODUCT_BUNDLE_IDENTIFIER = "BarbaraB.BakEat-tvOS-";
				PRODUCT_NAME = "$(TARGET_NAME)";
				SDKROOT = appletvos;
				SWIFT_EMIT_LOC_STRINGS = YES;
				SWIFT_VERSION = 5.0;
				TARGETED_DEVICE_FAMILY = 3;
				TVOS_DEPLOYMENT_TARGET = 15.4;
			};
			name = Debug;
		};
		AA9FB42B27FC4CD10081F1F3 /* Release */ = {
			isa = XCBuildConfiguration;
			buildSettings = {
				ASSETCATALOG_COMPILER_APPICON_NAME = "App Icon & Top Shelf Image";
				ASSETCATALOG_COMPILER_GLOBAL_ACCENT_COLOR_NAME = AccentColor;
				CODE_SIGN_STYLE = Automatic;
				CURRENT_PROJECT_VERSION = 1;
				DEVELOPMENT_ASSET_PATHS = "\"BakEat(tvOS)/Preview Content\"";
				DEVELOPMENT_TEAM = 25B2U66Z6V;
				ENABLE_PREVIEWS = YES;
				GENERATE_INFOPLIST_FILE = YES;
				INFOPLIST_KEY_UILaunchScreen_Generation = YES;
				INFOPLIST_KEY_UIUserInterfaceStyle = Automatic;
				LD_RUNPATH_SEARCH_PATHS = (
					"$(inherited)",
					"@executable_path/Frameworks",
				);
				MARKETING_VERSION = 1.0;
				PRODUCT_BUNDLE_IDENTIFIER = "BarbaraB.BakEat-tvOS-";
				PRODUCT_NAME = "$(TARGET_NAME)";
				SDKROOT = appletvos;
				SWIFT_EMIT_LOC_STRINGS = YES;
				SWIFT_VERSION = 5.0;
				TARGETED_DEVICE_FAMILY = 3;
				TVOS_DEPLOYMENT_TARGET = 15.4;
				VALIDATE_PRODUCT = YES;
			};
			name = Release;
		};
/* End XCBuildConfiguration section */

/* Begin XCConfigurationList section */
		AA9FB3CF27FC4BD50081F1F3 /* Build configuration list for PBXProject "BakEat" */ = {
			isa = XCConfigurationList;
			buildConfigurations = (
				AA9FB3E727FC4BD70081F1F3 /* Debug */,
				AA9FB3E827FC4BD70081F1F3 /* Release */,
			);
			defaultConfigurationIsVisible = 0;
			defaultConfigurationName = Release;
		};
		AA9FB3E927FC4BD70081F1F3 /* Build configuration list for PBXNativeTarget "BakEat (iOS)" */ = {
			isa = XCConfigurationList;
			buildConfigurations = (
				AA9FB3EA27FC4BD70081F1F3 /* Debug */,
				AA9FB3EB27FC4BD70081F1F3 /* Release */,
			);
			defaultConfigurationIsVisible = 0;
			defaultConfigurationName = Release;
		};
		AA9FB3EC27FC4BD70081F1F3 /* Build configuration list for PBXNativeTarget "BakEat (macOS)" */ = {
			isa = XCConfigurationList;
			buildConfigurations = (
				AA9FB3ED27FC4BD70081F1F3 /* Debug */,
				AA9FB3EE27FC4BD70081F1F3 /* Release */,
			);
			defaultConfigurationIsVisible = 0;
			defaultConfigurationName = Release;
		};
		AA9FB41827FC4CBE0081F1F3 /* Build configuration list for PBXNativeTarget "BakEat(watchOS) WatchKit Extension" */ = {
			isa = XCConfigurationList;
			buildConfigurations = (
				AA9FB41627FC4CBE0081F1F3 /* Debug */,
				AA9FB41727FC4CBE0081F1F3 /* Release */,
			);
			defaultConfigurationIsVisible = 0;
			defaultConfigurationName = Release;
		};
		AA9FB41927FC4CBE0081F1F3 /* Build configuration list for PBXNativeTarget "BakEat(watchOS)" */ = {
			isa = XCConfigurationList;
			buildConfigurations = (
				AA9FB41327FC4CBE0081F1F3 /* Debug */,
				AA9FB41427FC4CBE0081F1F3 /* Release */,
			);
			defaultConfigurationIsVisible = 0;
			defaultConfigurationName = Release;
		};
		AA9FB42927FC4CD10081F1F3 /* Build configuration list for PBXNativeTarget "BakEat(tvOS)" */ = {
			isa = XCConfigurationList;
			buildConfigurations = (
				AA9FB42A27FC4CD10081F1F3 /* Debug */,
				AA9FB42B27FC4CD10081F1F3 /* Release */,
			);
			defaultConfigurationIsVisible = 0;
			defaultConfigurationName = Release;
		};
/* End XCConfigurationList section */
	};
	rootObject = AA9FB3CC27FC4BD50081F1F3 /* Project object */;
}
